
Microsoft Visual Studio Solution File, Format Version 12.00
# Visual Studio 14
VisualStudioVersion = 14.0.24720.0
MinimumVisualStudioVersion = 10.0.40219.1
Project("{FAE04EC0-301F-11D3-BF4B-00C04F79EFBC}") = "selenium.core", "selenium.core\selenium.core.csproj", "{0B0FB4E5-F25E-49F1-8A19-A684AAD5A671}"
EndProject
Project("{2150E333-8FDC-42A3-9474-1A3956D46DE8}") = ".nuget", ".nuget", "{F035A4EF-BE1E-4870-BD8A-DB2BE5A2FB9F}"
	ProjectSection(SolutionItems) = preProject
		.nuget\NuGet.Config = .nuget\NuGet.Config
		.nuget\NuGet.exe = .nuget\NuGet.exe
		.nuget\NuGet.targets = .nuget\NuGet.targets
	EndProjectSection
EndProject
Project("{FAE04EC0-301F-11D3-BF4B-00C04F79EFBC}") = "selenium.core.tests", "selenium.core.tests\selenium.core.tests.csproj", "{FD4A8A5C-0F85-45F1-A582-C818E72A410A}"
EndProject
Project("{FAE04EC0-301F-11D3-BF4B-00C04F79EFBC}") = "core", "core\core.csproj", "{F04B3CF0-797A-4515-BA27-79787ABC66B5}"
EndProject
Project("{FAE04EC0-301F-11D3-BF4B-00C04F79EFBC}") = "selenium.widgets-ui-3.0", "selenium.widgets-ui-3.0\selenium.widgets-ui-3.0.csproj", "{7F9A22FA-DFF6-43EF-98CB-7F40DCBA9191}"
EndProject
Global
	GlobalSection(SolutionConfigurationPlatforms) = preSolution
		Debug|Any CPU = Debug|Any CPU
		Release|Any CPU = Release|Any CPU
	EndGlobalSection
	GlobalSection(ProjectConfigurationPlatforms) = postSolution
		{0B0FB4E5-F25E-49F1-8A19-A684AAD5A671}.Debug|Any CPU.ActiveCfg = Debug|Any CPU
		{0B0FB4E5-F25E-49F1-8A19-A684AAD5A671}.Debug|Any CPU.Build.0 = Debug|Any CPU
		{0B0FB4E5-F25E-49F1-8A19-A684AAD5A671}.Release|Any CPU.ActiveCfg = Release|Any CPU
		{0B0FB4E5-F25E-49F1-8A19-A684AAD5A671}.Release|Any CPU.Build.0 = Release|Any CPU
		{FD4A8A5C-0F85-45F1-A582-C818E72A410A}.Debug|Any CPU.ActiveCfg = Debug|Any CPU
		{FD4A8A5C-0F85-45F1-A582-C818E72A410A}.Debug|Any CPU.Build.0 = Debug|Any CPU
		{FD4A8A5C-0F85-45F1-A582-C818E72A410A}.Release|Any CPU.ActiveCfg = Release|Any CPU
		{FD4A8A5C-0F85-45F1-A582-C818E72A410A}.Release|Any CPU.Build.0 = Release|Any CPU
		{F04B3CF0-797A-4515-BA27-79787ABC66B5}.Debug|Any CPU.ActiveCfg = Debug|Any CPU
		{F04B3CF0-797A-4515-BA27-79787ABC66B5}.Debug|Any CPU.Build.0 = Debug|Any CPU
		{F04B3CF0-797A-4515-BA27-79787ABC66B5}.Release|Any CPU.ActiveCfg = Release|Any CPU
		{F04B3CF0-797A-4515-BA27-79787ABC66B5}.Release|Any CPU.Build.0 = Release|Any CPU
		{7F9A22FA-DFF6-43EF-98CB-7F40DCBA9191}.Debug|Any CPU.ActiveCfg = Debug|Any CPU
		{7F9A22FA-DFF6-43EF-98CB-7F40DCBA9191}.Debug|Any CPU.Build.0 = Debug|Any CPU
		{7F9A22FA-DFF6-43EF-98CB-7F40DCBA9191}.Release|Any CPU.ActiveCfg = Release|Any CPU
		{7F9A22FA-DFF6-43EF-98CB-7F40DCBA9191}.Release|Any CPU.Build.0 = Release|Any CPU
	EndGlobalSection
	GlobalSection(SolutionProperties) = preSolution
		HideSolutionNode = FALSE
	EndGlobalSection
EndGlobal
